// !$*UTF8*$!
{
	archiveVersion = 1;
	classes = {
	};
	objectVersion = 50;
	objects = {

/* Begin PBXBuildFile section */
		9AD6F33922F70CFA00EE6CE4 /* AppDelegate.swift in Sources */ = {isa = PBXBuildFile; fileRef = 9AD6F33822F70CFA00EE6CE4 /* AppDelegate.swift */; };
		9AD6F33B22F70CFA00EE6CE4 /* ViewController.swift in Sources */ = {isa = PBXBuildFile; fileRef = 9AD6F33A22F70CFA00EE6CE4 /* ViewController.swift */; };
		9AD6F33D22F70CFB00EE6CE4 /* Assets.xcassets in Resources */ = {isa = PBXBuildFile; fileRef = 9AD6F33C22F70CFB00EE6CE4 /* Assets.xcassets */; };
		9AD6F34022F70CFB00EE6CE4 /* Main.storyboard in Resources */ = {isa = PBXBuildFile; fileRef = 9AD6F33E22F70CFB00EE6CE4 /* Main.storyboard */; };
		9AD6F34C22F70CFB00EE6CE4 /* CmdVisualTests.swift in Sources */ = {isa = PBXBuildFile; fileRef = 9AD6F34B22F70CFB00EE6CE4 /* CmdVisualTests.swift */; };
		9AD6F35722F70CFB00EE6CE4 /* CmdVisualUITests.swift in Sources */ = {isa = PBXBuildFile; fileRef = 9AD6F35622F70CFB00EE6CE4 /* CmdVisualUITests.swift */; };
/* End PBXBuildFile section */

/* Begin PBXContainerItemProxy section */
		9AD6F34822F70CFB00EE6CE4 /* PBXContainerItemProxy */ = {
			isa = PBXContainerItemProxy;
			containerPortal = 9AD6F32D22F70CFA00EE6CE4 /* Project object */;
			proxyType = 1;
			remoteGlobalIDString = 9AD6F33422F70CFA00EE6CE4;
			remoteInfo = CmdVisual;
		};
		9AD6F35322F70CFB00EE6CE4 /* PBXContainerItemProxy */ = {
			isa = PBXContainerItemProxy;
			containerPortal = 9AD6F32D22F70CFA00EE6CE4 /* Project object */;
			proxyType = 1;
			remoteGlobalIDString = 9AD6F33422F70CFA00EE6CE4;
			remoteInfo = CmdVisual;
		};
/* End PBXContainerItemProxy section */

/* Begin PBXFileReference section */
		9AD6F33522F70CFA00EE6CE4 /* CmdVisual.app */ = {isa = PBXFileReference; explicitFileType = wrapper.application; includeInIndex = 0; path = CmdVisual.app; sourceTree = BUILT_PRODUCTS_DIR; };
		9AD6F33822F70CFA00EE6CE4 /* AppDelegate.swift */ = {isa = PBXFileReference; lastKnownFileType = sourcecode.swift; path = AppDelegate.swift; sourceTree = "<group>"; };
		9AD6F33A22F70CFA00EE6CE4 /* ViewController.swift */ = {isa = PBXFileReference; lastKnownFileType = sourcecode.swift; path = ViewController.swift; sourceTree = "<group>"; };
		9AD6F33C22F70CFB00EE6CE4 /* Assets.xcassets */ = {isa = PBXFileReference; lastKnownFileType = folder.assetcatalog; path = Assets.xcassets; sourceTree = "<group>"; };
		9AD6F33F22F70CFB00EE6CE4 /* Base */ = {isa = PBXFileReference; lastKnownFileType = file.storyboard; name = Base; path = Base.lproj/Main.storyboard; sourceTree = "<group>"; };
		9AD6F34122F70CFB00EE6CE4 /* Info.plist */ = {isa = PBXFileReference; lastKnownFileType = text.plist.xml; path = Info.plist; sourceTree = "<group>"; };
		9AD6F34222F70CFB00EE6CE4 /* CmdVisual.entitlements */ = {isa = PBXFileReference; lastKnownFileType = text.plist.entitlements; path = CmdVisual.entitlements; sourceTree = "<group>"; };
		9AD6F34722F70CFB00EE6CE4 /* CmdVisualTests.xctest */ = {isa = PBXFileReference; explicitFileType = wrapper.cfbundle; includeInIndex = 0; path = CmdVisualTests.xctest; sourceTree = BUILT_PRODUCTS_DIR; };
		9AD6F34B22F70CFB00EE6CE4 /* CmdVisualTests.swift */ = {isa = PBXFileReference; lastKnownFileType = sourcecode.swift; path = CmdVisualTests.swift; sourceTree = "<group>"; };
		9AD6F34D22F70CFB00EE6CE4 /* Info.plist */ = {isa = PBXFileReference; lastKnownFileType = text.plist.xml; path = Info.plist; sourceTree = "<group>"; };
		9AD6F35222F70CFB00EE6CE4 /* CmdVisualUITests.xctest */ = {isa = PBXFileReference; explicitFileType = wrapper.cfbundle; includeInIndex = 0; path = CmdVisualUITests.xctest; sourceTree = BUILT_PRODUCTS_DIR; };
		9AD6F35622F70CFB00EE6CE4 /* CmdVisualUITests.swift */ = {isa = PBXFileReference; lastKnownFileType = sourcecode.swift; path = CmdVisualUITests.swift; sourceTree = "<group>"; };
		9AD6F35822F70CFB00EE6CE4 /* Info.plist */ = {isa = PBXFileReference; lastKnownFileType = text.plist.xml; path = Info.plist; sourceTree = "<group>"; };
/* End PBXFileReference section */

/* Begin PBXFrameworksBuildPhase section */
		9AD6F33222F70CFA00EE6CE4 /* Frameworks */ = {
			isa = PBXFrameworksBuildPhase;
			buildActionMask = 2147483647;
			files = (
			);
			runOnlyForDeploymentPostprocessing = 0;
		};
		9AD6F34422F70CFB00EE6CE4 /* Frameworks */ = {
			isa = PBXFrameworksBuildPhase;
			buildActionMask = 2147483647;
			files = (
			);
			runOnlyForDeploymentPostprocessing = 0;
		};
		9AD6F34F22F70CFB00EE6CE4 /* Frameworks */ = {
			isa = PBXFrameworksBuildPhase;
			buildActionMask = 2147483647;
			files = (
			);
			runOnlyForDeploymentPostprocessing = 0;
		};
/* End PBXFrameworksBuildPhase section */

/* Begin PBXGroup section */
		9AD6F32C22F70CFA00EE6CE4 = {
			isa = PBXGroup;
			children = (
				9AD6F33722F70CFA00EE6CE4 /* CmdVisual */,
				9AD6F34A22F70CFB00EE6CE4 /* CmdVisualTests */,
				9AD6F35522F70CFB00EE6CE4 /* CmdVisualUITests */,
				9AD6F33622F70CFA00EE6CE4 /* Products */,
			);
			sourceTree = "<group>";
		};
		9AD6F33622F70CFA00EE6CE4 /* Products */ = {
			isa = PBXGroup;
			children = (
				9AD6F33522F70CFA00EE6CE4 /* CmdVisual.app */,
				9AD6F34722F70CFB00EE6CE4 /* CmdVisualTests.xctest */,
				9AD6F35222F70CFB00EE6CE4 /* CmdVisualUITests.xctest */,
			);
			name = Products;
			sourceTree = "<group>";
		};
		9AD6F33722F70CFA00EE6CE4 /* CmdVisual */ = {
			isa = PBXGroup;
			children = (
				9AD6F33822F70CFA00EE6CE4 /* AppDelegate.swift */,
				9AD6F33A22F70CFA00EE6CE4 /* ViewController.swift */,
				9AD6F33C22F70CFB00EE6CE4 /* Assets.xcassets */,
				9AD6F33E22F70CFB00EE6CE4 /* Main.storyboard */,
				9AD6F34122F70CFB00EE6CE4 /* Info.plist */,
				9AD6F34222F70CFB00EE6CE4 /* CmdVisual.entitlements */,
			);
			path = CmdVisual;
			sourceTree = "<group>";
		};
		9AD6F34A22F70CFB00EE6CE4 /* CmdVisualTests */ = {
			isa = PBXGroup;
			children = (
				9AD6F34B22F70CFB00EE6CE4 /* CmdVisualTests.swift */,
				9AD6F34D22F70CFB00EE6CE4 /* Info.plist */,
			);
			path = CmdVisualTests;
			sourceTree = "<group>";
		};
		9AD6F35522F70CFB00EE6CE4 /* CmdVisualUITests */ = {
			isa = PBXGroup;
			children = (
				9AD6F35622F70CFB00EE6CE4 /* CmdVisualUITests.swift */,
				9AD6F35822F70CFB00EE6CE4 /* Info.plist */,
			);
			path = CmdVisualUITests;
			sourceTree = "<group>";
		};
/* End PBXGroup section */

/* Begin PBXNativeTarget section */
		9AD6F33422F70CFA00EE6CE4 /* CmdVisual */ = {
			isa = PBXNativeTarget;
			buildConfigurationList = 9AD6F35B22F70CFB00EE6CE4 /* Build configuration list for PBXNativeTarget "CmdVisual" */;
			buildPhases = (
				9AD6F33122F70CFA00EE6CE4 /* Sources */,
				9AD6F33222F70CFA00EE6CE4 /* Frameworks */,
				9AD6F33322F70CFA00EE6CE4 /* Resources */,
			);
			buildRules = (
			);
			dependencies = (
			);
			name = CmdVisual;
			productName = CmdVisual;
			productReference = 9AD6F33522F70CFA00EE6CE4 /* CmdVisual.app */;
			productType = "com.apple.product-type.application";
		};
		9AD6F34622F70CFB00EE6CE4 /* CmdVisualTests */ = {
			isa = PBXNativeTarget;
			buildConfigurationList = 9AD6F35E22F70CFB00EE6CE4 /* Build configuration list for PBXNativeTarget "CmdVisualTests" */;
			buildPhases = (
				9AD6F34322F70CFB00EE6CE4 /* Sources */,
				9AD6F34422F70CFB00EE6CE4 /* Frameworks */,
				9AD6F34522F70CFB00EE6CE4 /* Resources */,
			);
			buildRules = (
			);
			dependencies = (
				9AD6F34922F70CFB00EE6CE4 /* PBXTargetDependency */,
			);
			name = CmdVisualTests;
			productName = CmdVisualTests;
			productReference = 9AD6F34722F70CFB00EE6CE4 /* CmdVisualTests.xctest */;
			productType = "com.apple.product-type.bundle.unit-test";
		};
		9AD6F35122F70CFB00EE6CE4 /* CmdVisualUITests */ = {
			isa = PBXNativeTarget;
			buildConfigurationList = 9AD6F36122F70CFB00EE6CE4 /* Build configuration list for PBXNativeTarget "CmdVisualUITests" */;
			buildPhases = (
				9AD6F34E22F70CFB00EE6CE4 /* Sources */,
				9AD6F34F22F70CFB00EE6CE4 /* Frameworks */,
				9AD6F35022F70CFB00EE6CE4 /* Resources */,
			);
			buildRules = (
			);
			dependencies = (
				9AD6F35422F70CFB00EE6CE4 /* PBXTargetDependency */,
			);
			name = CmdVisualUITests;
			productName = CmdVisualUITests;
			productReference = 9AD6F35222F70CFB00EE6CE4 /* CmdVisualUITests.xctest */;
			productType = "com.apple.product-type.bundle.ui-testing";
		};
/* End PBXNativeTarget section */

/* Begin PBXProject section */
		9AD6F32D22F70CFA00EE6CE4 /* Project object */ = {
			isa = PBXProject;
			attributes = {
				LastSwiftUpdateCheck = 1020;
				LastUpgradeCheck = 1020;
				ORGANIZATIONNAME = karim;
				TargetAttributes = {
					9AD6F33422F70CFA00EE6CE4 = {
						CreatedOnToolsVersion = 10.2.1;
						SystemCapabilities = {
							com.apple.Sandbox = {
								enabled = 0;
							};
						};
					};
					9AD6F34622F70CFB00EE6CE4 = {
						CreatedOnToolsVersion = 10.2.1;
						TestTargetID = 9AD6F33422F70CFA00EE6CE4;
					};
					9AD6F35122F70CFB00EE6CE4 = {
						CreatedOnToolsVersion = 10.2.1;
						TestTargetID = 9AD6F33422F70CFA00EE6CE4;
					};
				};
			};
			buildConfigurationList = 9AD6F33022F70CFA00EE6CE4 /* Build configuration list for PBXProject "CmdVisual" */;
			compatibilityVersion = "Xcode 9.3";
			developmentRegion = en;
			hasScannedForEncodings = 0;
			knownRegions = (
				en,
				Base,
			);
			mainGroup = 9AD6F32C22F70CFA00EE6CE4;
			productRefGroup = 9AD6F33622F70CFA00EE6CE4 /* Products */;
			projectDirPath = "";
			projectRoot = "";
			targets = (
				9AD6F33422F70CFA00EE6CE4 /* CmdVisual */,
				9AD6F34622F70CFB00EE6CE4 /* CmdVisualTests */,
				9AD6F35122F70CFB00EE6CE4 /* CmdVisualUITests */,
			);
		};
/* End PBXProject section */

/* Begin PBXResourcesBuildPhase section */
		9AD6F33322F70CFA00EE6CE4 /* Resources */ = {
			isa = PBXResourcesBuildPhase;
			buildActionMask = 2147483647;
			files = (
				9AD6F33D22F70CFB00EE6CE4 /* Assets.xcassets in Resources */,
				9AD6F34022F70CFB00EE6CE4 /* Main.storyboard in Resources */,
			);
			runOnlyForDeploymentPostprocessing = 0;
		};
		9AD6F34522F70CFB00EE6CE4 /* Resources */ = {
			isa = PBXResourcesBuildPhase;
			buildActionMask = 2147483647;
			files = (
			);
			runOnlyForDeploymentPostprocessing = 0;
		};
		9AD6F35022F70CFB00EE6CE4 /* Resources */ = {
			isa = PBXResourcesBuildPhase;
			buildActionMask = 2147483647;
			files = (
			);
			runOnlyForDeploymentPostprocessing = 0;
		};
/* End PBXResourcesBuildPhase section */

/* Begin PBXSourcesBuildPhase section */
		9AD6F33122F70CFA00EE6CE4 /* Sources */ = {
			isa = PBXSourcesBuildPhase;
			buildActionMask = 2147483647;
			files = (
				9AD6F33B22F70CFA00EE6CE4 /* ViewController.swift in Sources */,
				9AD6F33922F70CFA00EE6CE4 /* AppDelegate.swift in Sources */,
			);
			runOnlyForDeploymentPostprocessing = 0;
		};
		9AD6F34322F70CFB00EE6CE4 /* Sources */ = {
			isa = PBXSourcesBuildPhase;
			buildActionMask = 2147483647;
			files = (
				9AD6F34C22F70CFB00EE6CE4 /* CmdVisualTests.swift in Sources */,
			);
			runOnlyForDeploymentPostprocessing = 0;
		};
		9AD6F34E22F70CFB00EE6CE4 /* Sources */ = {
			isa = PBXSourcesBuildPhase;
			buildActionMask = 2147483647;
			files = (
				9AD6F35722F70CFB00EE6CE4 /* CmdVisualUITests.swift in Sources */,
			);
			runOnlyForDeploymentPostprocessing = 0;
		};
/* End PBXSourcesBuildPhase section */

/* Begin PBXTargetDependency section */
		9AD6F34922F70CFB00EE6CE4 /* PBXTargetDependency */ = {
			isa = PBXTargetDependency;
			target = 9AD6F33422F70CFA00EE6CE4 /* CmdVisual */;
			targetProxy = 9AD6F34822F70CFB00EE6CE4 /* PBXContainerItemProxy */;
		};
		9AD6F35422F70CFB00EE6CE4 /* PBXTargetDependency */ = {
			isa = PBXTargetDependency;
			target = 9AD6F33422F70CFA00EE6CE4 /* CmdVisual */;
			targetProxy = 9AD6F35322F70CFB00EE6CE4 /* PBXContainerItemProxy */;
		};
/* End PBXTargetDependency section */

/* Begin PBXVariantGroup section */
		9AD6F33E22F70CFB00EE6CE4 /* Main.storyboard */ = {
			isa = PBXVariantGroup;
			children = (
				9AD6F33F22F70CFB00EE6CE4 /* Base */,
			);
			name = Main.storyboard;
			sourceTree = "<group>";
		};
/* End PBXVariantGroup section */

/* Begin XCBuildConfiguration section */
		9AD6F35922F70CFB00EE6CE4 /* Debug */ = {
			isa = XCBuildConfiguration;
			buildSettings = {
				ALWAYS_SEARCH_USER_PATHS = NO;
				CLANG_ANALYZER_NONNULL = YES;
				CLANG_ANALYZER_NUMBER_OBJECT_CONVERSION = YES_AGGRESSIVE;
				CLANG_CXX_LANGUAGE_STANDARD = "gnu++14";
				CLANG_CXX_LIBRARY = "libc++";
				CLANG_ENABLE_MODULES = YES;
				CLANG_ENABLE_OBJC_ARC = YES;
				CLANG_ENABLE_OBJC_WEAK = YES;
				CLANG_WARN_BLOCK_CAPTURE_AUTORELEASING = YES;
				CLANG_WARN_BOOL_CONVERSION = YES;
				CLANG_WARN_COMMA = YES;
				CLANG_WARN_CONSTANT_CONVERSION = YES;
				CLANG_WARN_DEPRECATED_OBJC_IMPLEMENTATIONS = YES;
				CLANG_WARN_DIRECT_OBJC_ISA_USAGE = YES_ERROR;
				CLANG_WARN_DOCUMENTATION_COMMENTS = YES;
				CLANG_WARN_EMPTY_BODY = YES;
				CLANG_WARN_ENUM_CONVERSION = YES;
				CLANG_WARN_INFINITE_RECURSION = YES;
				CLANG_WARN_INT_CONVERSION = YES;
				CLANG_WARN_NON_LITERAL_NULL_CONVERSION = YES;
				CLANG_WARN_OBJC_IMPLICIT_RETAIN_SELF = YES;
				CLANG_WARN_OBJC_LITERAL_CONVERSION = YES;
				CLANG_WARN_OBJC_ROOT_CLASS = YES_ERROR;
				CLANG_WARN_RANGE_LOOP_ANALYSIS = YES;
				CLANG_WARN_STRICT_PROTOTYPES = YES;
				CLANG_WARN_SUSPICIOUS_MOVE = YES;
				CLANG_WARN_UNGUARDED_AVAILABILITY = YES_AGGRESSIVE;
				CLANG_WARN_UNREACHABLE_CODE = YES;
				CLANG_WARN__DUPLICATE_METHOD_MATCH = YES;
				CODE_SIGN_IDENTITY = "Mac Developer";
				COPY_PHASE_STRIP = NO;
				DEBUG_INFORMATION_FORMAT = dwarf;
				ENABLE_STRICT_OBJC_MSGSEND = YES;
				ENABLE_TESTABILITY = YES;
				GCC_C_LANGUAGE_STANDARD = gnu11;
				GCC_DYNAMIC_NO_PIC = NO;
				GCC_NO_COMMON_BLOCKS = YES;
				GCC_OPTIMIZATION_LEVEL = 0;
				GCC_PREPROCESSOR_DEFINITIONS = (
					"DEBUG=1",
					"$(inherited)",
				);
				GCC_WARN_64_TO_32_BIT_CONVERSION = YES;
				GCC_WARN_ABOUT_RETURN_TYPE = YES_ERROR;
				GCC_WARN_UNDECLARED_SELECTOR = YES;
				GCC_WARN_UNINITIALIZED_AUTOS = YES_AGGRESSIVE;
				GCC_WARN_UNUSED_FUNCTION = YES;
				GCC_WARN_UNUSED_VARIABLE = YES;
				MACOSX_DEPLOYMENT_TARGET = 10.14;
				MTL_ENABLE_DEBUG_INFO = INCLUDE_SOURCE;
				MTL_FAST_MATH = YES;
				ONLY_ACTIVE_ARCH = YES;
				SDKROOT = macosx;
				SWIFT_ACTIVE_COMPILATION_CONDITIONS = DEBUG;
				SWIFT_OPTIMIZATION_LEVEL = "-Onone";
			};
			name = Debug;
		};
		9AD6F35A22F70CFB00EE6CE4 /* Release */ = {
			isa = XCBuildConfiguration;
			buildSettings = {
				ALWAYS_SEARCH_USER_PATHS = NO;
				CLANG_ANALYZER_NONNULL = YES;
				CLANG_ANALYZER_NUMBER_OBJECT_CONVERSION = YES_AGGRESSIVE;
				CLANG_CXX_LANGUAGE_STANDARD = "gnu++14";
				CLANG_CXX_LIBRARY = "libc++";
				CLANG_ENABLE_MODULES = YES;
				CLANG_ENABLE_OBJC_ARC = YES;
				CLANG_ENABLE_OBJC_WEAK = YES;
				CLANG_WARN_BLOCK_CAPTURE_AUTORELEASING = YES;
				CLANG_WARN_BOOL_CONVERSION = YES;
				CLANG_WARN_COMMA = YES;
				CLANG_WARN_CONSTANT_CONVERSION = YES;
				CLANG_WARN_DEPRECATED_OBJC_IMPLEMENTATIONS = YES;
				CLANG_WARN_DIRECT_OBJC_ISA_USAGE = YES_ERROR;
				CLANG_WARN_DOCUMENTATION_COMMENTS = YES;
				CLANG_WARN_EMPTY_BODY = YES;
				CLANG_WARN_ENUM_CONVERSION = YES;
				CLANG_WARN_INFINITE_RECURSION = YES;
				CLANG_WARN_INT_CONVERSION = YES;
				CLANG_WARN_NON_LITERAL_NULL_CONVERSION = YES;
				CLANG_WARN_OBJC_IMPLICIT_RETAIN_SELF = YES;
				CLANG_WARN_OBJC_LITERAL_CONVERSION = YES;
				CLANG_WARN_OBJC_ROOT_CLASS = YES_ERROR;
				CLANG_WARN_RANGE_LOOP_ANALYSIS = YES;
				CLANG_WARN_STRICT_PROTOTYPES = YES;
				CLANG_WARN_SUSPICIOUS_MOVE = YES;
				CLANG_WARN_UNGUARDED_AVAILABILITY = YES_AGGRESSIVE;
				CLANG_WARN_UNREACHABLE_CODE = YES;
				CLANG_WARN__DUPLICATE_METHOD_MATCH = YES;
				CODE_SIGN_IDENTITY = "Mac Developer";
				COPY_PHASE_STRIP = NO;
				DEBUG_INFORMATION_FORMAT = "dwarf-with-dsym";
				ENABLE_NS_ASSERTIONS = NO;
				ENABLE_STRICT_OBJC_MSGSEND = YES;
				GCC_C_LANGUAGE_STANDARD = gnu11;
				GCC_NO_COMMON_BLOCKS = YES;
				GCC_WARN_64_TO_32_BIT_CONVERSION = YES;
				GCC_WARN_ABOUT_RETURN_TYPE = YES_ERROR;
				GCC_WARN_UNDECLARED_SELECTOR = YES;
				GCC_WARN_UNINITIALIZED_AUTOS = YES_AGGRESSIVE;
				GCC_WARN_UNUSED_FUNCTION = YES;
				GCC_WARN_UNUSED_VARIABLE = YES;
				MACOSX_DEPLOYMENT_TARGET = 10.14;
				MTL_ENABLE_DEBUG_INFO = NO;
				MTL_FAST_MATH = YES;
				SDKROOT = macosx;
				SWIFT_COMPILATION_MODE = wholemodule;
				SWIFT_OPTIMIZATION_LEVEL = "-O";
			};
			name = Release;
		};
		9AD6F35C22F70CFB00EE6CE4 /* Debug */ = {
			isa = XCBuildConfiguration;
			buildSettings = {
				ASSETCATALOG_COMPILER_APPICON_NAME = AppIcon;
				CODE_SIGN_STYLE = Automatic;
				COMBINE_HIDPI_IMAGES = YES;
				DEVELOPMENT_TEAM = J3BJ7G2PUN;
				INFOPLIST_FILE = CmdVisual/Info.plist;
				LD_RUNPATH_SEARCH_PATHS = (
					"$(inherited)",
					"@executable_path/../Frameworks",
				);
				PRODUCT_BUNDLE_IDENTIFIER = com.karim.CmdVisual;
				PRODUCT_NAME = "$(TARGET_NAME)";
				SWIFT_VERSION = 5.0;
			};
			name = Debug;
		};
		9AD6F35D22F70CFB00EE6CE4 /* Release */ = {
			isa = XCBuildConfiguration;
			buildSettings = {
				ASSETCATALOG_COMPILER_APPICON_NAME = AppIcon;
				CODE_SIGN_STYLE = Automatic;
				COMBINE_HIDPI_IMAGES = YES;
				DEVELOPMENT_TEAM = J3BJ7G2PUN;
				INFOPLIST_FILE = CmdVisual/Info.plist;
				LD_RUNPATH_SEARCH_PATHS = (
					"$(inherited)",
					"@executable_path/../Frameworks",
				);
				PRODUCT_BUNDLE_IDENTIFIER = com.karim.CmdVisual;
				PRODUCT_NAME = "$(TARGET_NAME)";
				SWIFT_VERSION = 5.0;
			};
			name = Release;
		};
		9AD6F35F22F70CFB00EE6CE4 /* Debug */ = {
			isa = XCBuildConfiguration;
			buildSettings = {
				ALWAYS_EMBED_SWIFT_STANDARD_LIBRARIES = YES;
				BUNDLE_LOADER = "$(TEST_HOST)";
				CODE_SIGN_STYLE = Automatic;
				COMBINE_HIDPI_IMAGES = YES;
				DEVELOPMENT_TEAM = J3BJ7G2PUN;
				INFOPLIST_FILE = CmdVisualTests/Info.plist;
				LD_RUNPATH_SEARCH_PATHS = (
					"$(inherited)",
					"@executable_path/../Frameworks",
					"@loader_path/../Frameworks",
				);
				PRODUCT_BUNDLE_IDENTIFIER = com.karim.CmdVisualTests;
				PRODUCT_NAME = "$(TARGET_NAME)";
				SWIFT_VERSION = 5.0;
				TEST_HOST = "$(BUILT_PRODUCTS_DIR)/CmdVisual.app/Contents/MacOS/CmdVisual";
			};
			name = Debug;
		};
		9AD6F36022F70CFB00EE6CE4 /* Release */ = {
			isa = XCBuildConfiguration;
			buildSettings = {
				ALWAYS_EMBED_SWIFT_STANDARD_LIBRARIES = YES;
				BUNDLE_LOADER = "$(TEST_HOST)";
				CODE_SIGN_STYLE = Automatic;
				COMBINE_HIDPI_IMAGES = YES;
				DEVELOPMENT_TEAM = J3BJ7G2PUN;
				INFOPLIST_FILE = CmdVisualTests/Info.plist;
				LD_RUNPATH_SEARCH_PATHS = (
					"$(inherited)",
					"@executable_path/../Frameworks",
					"@loader_path/../Frameworks",
				);
				PRODUCT_BUNDLE_IDENTIFIER = com.karim.CmdVisualTests;
				PRODUCT_NAME = "$(TARGET_NAME)";
				SWIFT_VERSION = 5.0;
				TEST_HOST = "$(BUILT_PRODUCTS_DIR)/CmdVisual.app/Contents/MacOS/CmdVisual";
			};
			name = Release;
		};
		9AD6F36222F70CFB00EE6CE4 /* Debug */ = {
			isa = XCBuildConfiguration;
			buildSettings = {
				ALWAYS_EMBED_SWIFT_STANDARD_LIBRARIES = YES;
				CODE_SIGN_STYLE = Automatic;
				COMBINE_HIDPI_IMAGES = YES;
				DEVELOPMENT_TEAM = J3BJ7G2PUN;
				INFOPLIST_FILE = CmdVisualUITests/Info.plist;
				LD_RUNPATH_SEARCH_PATHS = (
					"$(inherited)",
					"@executable_path/../Frameworks",
					"@loader_path/../Frameworks",
				);
				PRODUCT_BUNDLE_IDENTIFIER = com.karim.CmdVisualUITests;
				PRODUCT_NAME = "$(TARGET_NAME)";
				SWIFT_VERSION = 5.0;
				TEST_TARGET_NAME = CmdVisual;
			};
			name = Debug;
		};
		9AD6F36322F70CFB00EE6CE4 /* Release */ = {
			isa = XCBuildConfiguration;
			buildSettings = {
				ALWAYS_EMBED_SWIFT_STANDARD_LIBRARIES = YES;
				CODE_SIGN_STYLE = Automatic;
				COMBINE_HIDPI_IMAGES = YES;
				DEVELOPMENT_TEAM = J3BJ7G2PUN;
				INFOPLIST_FILE = CmdVisualUITests/Info.plist;
				LD_RUNPATH_SEARCH_PATHS = (
					"$(inherited)",
					"@executable_path/../Frameworks",
					"@loader_path/../Frameworks",
				);
				PRODUCT_BUNDLE_IDENTIFIER = com.karim.CmdVisualUITests;
				PRODUCT_NAME = "$(TARGET_NAME)";
				SWIFT_VERSION = 5.0;
				TEST_TARGET_NAME = CmdVisual;
			};
			name = Release;
		};
/* End XCBuildConfiguration section */

/* Begin XCConfigurationList section */
		9AD6F33022F70CFA00EE6CE4 /* Build configuration list for PBXProject "CmdVisual" */ = {
			isa = XCConfigurationList;
			buildConfigurations = (
				9AD6F35922F70CFB00EE6CE4 /* Debug */,
				9AD6F35A22F70CFB00EE6CE4 /* Release */,
			);
			defaultConfigurationIsVisible = 0;
			defaultConfigurationName = Release;
		};
		9AD6F35B22F70CFB00EE6CE4 /* Build configuration list for PBXNativeTarget "CmdVisual" */ = {
			isa = XCConfigurationList;
			buildConfigurations = (
				9AD6F35C22F70CFB00EE6CE4 /* Debug */,
				9AD6F35D22F70CFB00EE6CE4 /* Release */,
			);
			defaultConfigurationIsVisible = 0;
			defaultConfigurationName = Release;
		};
		9AD6F35E22F70CFB00EE6CE4 /* Build configuration list for PBXNativeTarget "CmdVisualTests" */ = {
			isa = XCConfigurationList;
			buildConfigurations = (
				9AD6F35F22F70CFB00EE6CE4 /* Debug */,
				9AD6F36022F70CFB00EE6CE4 /* Release */,
			);
			defaultConfigurationIsVisible = 0;
			defaultConfigurationName = Release;
		};
		9AD6F36122F70CFB00EE6CE4 /* Build configuration list for PBXNativeTarget "CmdVisualUITests" */ = {
			isa = XCConfigurationList;
			buildConfigurations = (
				9AD6F36222F70CFB00EE6CE4 /* Debug */,
				9AD6F36322F70CFB00EE6CE4 /* Release */,
			);
			defaultConfigurationIsVisible = 0;
			defaultConfigurationName = Release;
		};
/* End XCConfigurationList section */
	};
	rootObject = 9AD6F32D22F70CFA00EE6CE4 /* Project object */;
}
